
Microsoft Visual Studio Solution File, Format Version 12.00
# Visual Studio Version 17
VisualStudioVersion = 17.3.32929.385
MinimumVisualStudioVersion = 10.0.40219.1
Project("{9A19103F-16F7-4668-BE54-9A1E7A4F7556}") = "ExampleProject.Library", "ExampleProject.Library\ExampleProject.Library.csproj", "{E837B16F-B15F-4716-BA7D-669BC5B900CE}"
EndProject
Project("{FAE04EC0-301F-11D3-BF4B-00C04F79EFBC}") = "ExampleProject.Testing", "ExampleProject.Testing\ExampleProject.Testing.csproj", "{54199C9E-A8F6-48BB-9875-EE6C1EADA3F4}"
EndProject
Global
	GlobalSection(SolutionConfigurationPlatforms) = preSolution
		Debug|Any CPU = Debug|Any CPU
		Release|Any CPU = Release|Any CPU
	EndGlobalSection
	GlobalSection(ProjectConfigurationPlatforms) = postSolution
		{E837B16F-B15F-4716-BA7D-669BC5B900CE}.Debug|Any CPU.ActiveCfg = Debug|Any CPU
		{E837B16F-B15F-4716-BA7D-669BC5B900CE}.Debug|Any CPU.Build.0 = Debug|Any CPU
		{E837B16F-B15F-4716-BA7D-669BC5B900CE}.Release|Any CPU.ActiveCfg = Release|Any CPU
		{E837B16F-B15F-4716-BA7D-669BC5B900CE}.Release|Any CPU.Build.0 = Release|Any CPU
		{54199C9E-A8F6-48BB-9875-EE6C1EADA3F4}.Debug|Any CPU.ActiveCfg = Debug|Any CPU
		{54199C9E-A8F6-48BB-9875-EE6C1EADA3F4}.Debug|Any CPU.Build.0 = Debug|Any CPU
		{54199C9E-A8F6-48BB-9875-EE6C1EADA3F4}.Release|Any CPU.ActiveCfg = Release|Any CPU
		{54199C9E-A8F6-48BB-9875-EE6C1EADA3F4}.Release|Any CPU.Build.0 = Release|Any CPU
	EndGlobalSection
	GlobalSection(SolutionProperties) = preSolution
		HideSolutionNode = FALSE
	EndGlobalSection
	GlobalSection(ExtensibilityGlobals) = postSolution
		SolutionGuid = {E3F57093-3827-410A-8C23-AB7003508052}
	EndGlobalSection
EndGlobal
